
Microsoft Visual Studio Solution File, Format Version 12.00
# Visual Studio Version 16
VisualStudioVersion = 16.0.31205.134
MinimumVisualStudioVersion = 10.0.40219.1
Project("{8BC9CEB8-8B4A-11D0-8D11-00A0C91BC942}") = "filters", "filters.vcxproj", "{F0DD8AEC-E54B-4712-9587-049C4256F983}"
EndProject
Project("{8BC9CEB8-8B4A-11D0-8D11-00A0C91BC942}") = "all_combined", "all_combined\all_combined.vcxproj", "{E3599396-5C09-4086-AE50-11C83D3B5A0D}"
EndProject
Global
	GlobalSection(SolutionConfigurationPlatforms) = preSolution
		Debug|x64 = Debug|x64
		Debug|x86 = Debug|x86
		Release|x64 = Release|x64
		Release|x86 = Release|x86
	EndGlobalSection
	GlobalSection(ProjectConfigurationPlatforms) = postSolution
		{F0DD8AEC-E54B-4712-9587-049C4256F983}.Debug|x64.ActiveCfg = Debug|x64
		{F0DD8AEC-E54B-4712-9587-049C4256F983}.Debug|x64.Build.0 = Debug|x64
		{F0DD8AEC-E54B-4712-9587-049C4256F983}.Debug|x86.ActiveCfg = Debug|Win32
		{F0DD8AEC-E54B-4712-9587-049C4256F983}.Debug|x86.Build.0 = Debug|Win32
		{F0DD8AEC-E54B-4712-9587-049C4256F983}.Release|x64.ActiveCfg = Release|x64
		{F0DD8AEC-E54B-4712-9587-049C4256F983}.Release|x64.Build.0 = Release|x64
		{F0DD8AEC-E54B-4712-9587-049C4256F983}.Release|x86.ActiveCfg = Release|Win32
		{F0DD8AEC-E54B-4712-9587-049C4256F983}.Release|x86.Build.0 = Release|Win32
		{E3599396-5C09-4086-AE50-11C83D3B5A0D}.Debug|x64.ActiveCfg = Debug|x64
		{E3599396-5C09-4086-AE50-11C83D3B5A0D}.Debug|x64.Build.0 = Debug|x64
		{E3599396-5C09-4086-AE50-11C83D3B5A0D}.Debug|x86.ActiveCfg = Debug|Win32
		{E3599396-5C09-4086-AE50-11C83D3B5A0D}.Debug|x86.Build.0 = Debug|Win32
		{E3599396-5C09-4086-AE50-11C83D3B5A0D}.Release|x64.ActiveCfg = Release|x64
		{E3599396-5C09-4086-AE50-11C83D3B5A0D}.Release|x64.Build.0 = Release|x64
		{E3599396-5C09-4086-AE50-11C83D3B5A0D}.Release|x86.ActiveCfg = Release|Win32
		{E3599396-5C09-4086-AE50-11C83D3B5A0D}.Release|x86.Build.0 = Release|Win32
	EndGlobalSection
	GlobalSection(SolutionProperties) = preSolution
		HideSolutionNode = FALSE
	EndGlobalSection
	GlobalSection(ExtensibilityGlobals) = postSolution
		SolutionGuid = {F6F2CDD2-B81C-4ACA-BE81-A2DF506B65EA}
	EndGlobalSection
EndGlobal
